
Microsoft Visual Studio Solution File, Format Version 12.00
# Visual Studio 15
VisualStudioVersion = 15.0.28307.572
MinimumVisualStudioVersion = 10.0.40219.1
Project("{FAE04EC0-301F-11D3-BF4B-00C04F79EFBC}") = "PrototypeDemo", "PrototypeDemo\PrototypeDemo.csproj", "{090D4A6D-DDB2-43F2-AE03-2CC06D4518A7}"
EndProject
Project("{FAE04EC0-301F-11D3-BF4B-00C04F79EFBC}") = "LoginHandling", "LoginHandling\LoginHandling.csproj", "{3228F76D-563F-4876-9C1A-C76CE527F00C}"
EndProject
Project("{FAE04EC0-301F-11D3-BF4B-00C04F79EFBC}") = "UnitTests", "UnitTests\UnitTests.csproj", "{294FB1B4-09D7-4816-81C8-6B5C3FD45F41}"
EndProject
Project("{FAE04EC0-301F-11D3-BF4B-00C04F79EFBC}") = "MoodFull", "MoodFull\MoodFull.csproj", "{0BC9F3D4-8808-4C01-B640-E6A9413A9250}"
EndProject
Global
	GlobalSection(SolutionConfigurationPlatforms) = preSolution
		Debug|Any CPU = Debug|Any CPU
		Release|Any CPU = Release|Any CPU
	EndGlobalSection
	GlobalSection(ProjectConfigurationPlatforms) = postSolution
		{090D4A6D-DDB2-43F2-AE03-2CC06D4518A7}.Debug|Any CPU.ActiveCfg = Debug|Any CPU
		{090D4A6D-DDB2-43F2-AE03-2CC06D4518A7}.Debug|Any CPU.Build.0 = Debug|Any CPU
		{090D4A6D-DDB2-43F2-AE03-2CC06D4518A7}.Release|Any CPU.ActiveCfg = Release|Any CPU
		{090D4A6D-DDB2-43F2-AE03-2CC06D4518A7}.Release|Any CPU.Build.0 = Release|Any CPU
		{3228F76D-563F-4876-9C1A-C76CE527F00C}.Debug|Any CPU.ActiveCfg = Debug|Any CPU
		{3228F76D-563F-4876-9C1A-C76CE527F00C}.Debug|Any CPU.Build.0 = Debug|Any CPU
		{3228F76D-563F-4876-9C1A-C76CE527F00C}.Release|Any CPU.ActiveCfg = Release|Any CPU
		{3228F76D-563F-4876-9C1A-C76CE527F00C}.Release|Any CPU.Build.0 = Release|Any CPU
		{294FB1B4-09D7-4816-81C8-6B5C3FD45F41}.Debug|Any CPU.ActiveCfg = Debug|Any CPU
		{294FB1B4-09D7-4816-81C8-6B5C3FD45F41}.Debug|Any CPU.Build.0 = Debug|Any CPU
		{294FB1B4-09D7-4816-81C8-6B5C3FD45F41}.Release|Any CPU.ActiveCfg = Release|Any CPU
		{294FB1B4-09D7-4816-81C8-6B5C3FD45F41}.Release|Any CPU.Build.0 = Release|Any CPU
		{0BC9F3D4-8808-4C01-B640-E6A9413A9250}.Debug|Any CPU.ActiveCfg = Debug|Any CPU
		{0BC9F3D4-8808-4C01-B640-E6A9413A9250}.Debug|Any CPU.Build.0 = Debug|Any CPU
		{0BC9F3D4-8808-4C01-B640-E6A9413A9250}.Debug|Any CPU.Deploy.0 = Debug|Any CPU
		{0BC9F3D4-8808-4C01-B640-E6A9413A9250}.Release|Any CPU.ActiveCfg = Release|Any CPU
		{0BC9F3D4-8808-4C01-B640-E6A9413A9250}.Release|Any CPU.Build.0 = Release|Any CPU
		{0BC9F3D4-8808-4C01-B640-E6A9413A9250}.Release|Any CPU.Deploy.0 = Release|Any CPU
	EndGlobalSection
	GlobalSection(SolutionProperties) = preSolution
		HideSolutionNode = FALSE
	EndGlobalSection
	GlobalSection(ExtensibilityGlobals) = postSolution
		SolutionGuid = {96BFFD9D-F917-49E1-B415-C7805A7AE07D}
	EndGlobalSection
EndGlobal
